
Microsoft Visual Studio Solution File, Format Version 12.00
# Visual Studio Version 17
VisualStudioVersion = 17.4.33103.184
MinimumVisualStudioVersion = 10.0.40219.1
Project("{8BC9CEB8-8B4A-11D0-8D11-00A0C91BC942}") = "TomentRaycasterVS", "TomentRaycasterVS.vcxproj", "{33D8425D-0700-4C53-8A46-CEB8FAC5DB5F}"
EndProject
Global
	GlobalSection(SolutionConfigurationPlatforms) = preSolution
		Debug|x64 = Debug|x64
		Debug|x86 = Debug|x86
		Release|x64 = Release|x64
		Release|x86 = Release|x86
	EndGlobalSection
	GlobalSection(ProjectConfigurationPlatforms) = postSolution
		{33D8425D-0700-4C53-8A46-CEB8FAC5DB5F}.Debug|x64.ActiveCfg = Debug|x64
		{33D8425D-0700-4C53-8A46-CEB8FAC5DB5F}.Debug|x64.Build.0 = Debug|x64
		{33D8425D-0700-4C53-8A46-CEB8FAC5DB5F}.Debug|x86.ActiveCfg = Debug|Win32
		{33D8425D-0700-4C53-8A46-CEB8FAC5DB5F}.Debug|x86.Build.0 = Debug|Win32
		{33D8425D-0700-4C53-8A46-CEB8FAC5DB5F}.Release|x64.ActiveCfg = Release|x64
		{33D8425D-0700-4C53-8A46-CEB8FAC5DB5F}.Release|x64.Build.0 = Release|x64
		{33D8425D-0700-4C53-8A46-CEB8FAC5DB5F}.Release|x86.ActiveCfg = Release|Win32
		{33D8425D-0700-4C53-8A46-CEB8FAC5DB5F}.Release|x86.Build.0 = Release|Win32
	EndGlobalSection
	GlobalSection(SolutionProperties) = preSolution
		HideSolutionNode = FALSE
	EndGlobalSection
	GlobalSection(ExtensibilityGlobals) = postSolution
		SolutionGuid = {34825402-C77F-4C7F-8BF9-8CA721C557F6}
	EndGlobalSection
EndGlobal
